{
  "version": 4,
  "terraform_version": "1.2.6",
  "serial": 42,
  "lineage": "9c746a8f-7858-edd6-66cd-537f07b66a3c",
  "outputs": {},
  "resources": [
    {
      "mode": "managed",
      "type": "google_compute_network",
      "name": "main",
      "provider": "provider[\"registry.terraform.io/hashicorp/google\"]",
      "instances": [
        {
          "schema_version": 0,
          "attributes": {
            "auto_create_subnetworks": false,
            "delete_default_routes_on_create": true,
            "description": "",
            "enable_ula_internal_ipv6": false,
            "gateway_ipv4": "",
            "id": "projects/melodic-splicer-357510/global/networks/dev-hari-poc-vpc",
            "internal_ipv6_range": "",
            "mtu": 1460,
            "name": "dev-hari-poc-vpc",
            "project": "melodic-splicer-357510",
            "routing_mode": "REGIONAL",
            "self_link": "https://www.googleapis.com/compute/v1/projects/melodic-splicer-357510/global/networks/dev-hari-poc-vpc",
            "timeouts": null
          },
          "sensitive_attributes": [],
          "private": "eyJlMmJmYjczMC1lY2FhLTExZTYtOGY4OC0zNDM2M2JjN2M0YzAiOnsiY3JlYXRlIjoxMjAwMDAwMDAwMDAwLCJkZWxldGUiOjEyMDAwMDAwMDAwMDAsInVwZGF0ZSI6MTIwMDAwMDAwMDAwMH19"
        }
      ]
    },
    {
      "mode": "managed",
      "type": "google_compute_route",
      "name": "egress_internet",
      "provider": "provider[\"registry.terraform.io/hashicorp/google\"]",
      "instances": [
        {
          "schema_version": 0,
          "attributes": {
            "description": "",
            "dest_range": "0.0.0.0/0",
            "id": "projects/melodic-splicer-357510/global/routes/dev-hari-poc-egress-internet",
            "name": "dev-hari-poc-egress-internet",
            "network": "https://www.googleapis.com/compute/v1/projects/melodic-splicer-357510/global/networks/dev-hari-poc-vpc",
            "next_hop_gateway": "https://www.googleapis.com/compute/v1/projects/melodic-splicer-357510/global/gateways/default-internet-gateway",
            "next_hop_ilb": "",
            "next_hop_instance": "",
            "next_hop_instance_zone": null,
            "next_hop_ip": "",
            "next_hop_network": "",
            "next_hop_vpn_tunnel": "",
            "priority": 1000,
            "project": "melodic-splicer-357510",
            "self_link": "https://www.googleapis.com/compute/v1/projects/melodic-splicer-357510/global/routes/dev-hari-poc-egress-internet",
            "tags": null,
            "timeouts": null
          },
          "sensitive_attributes": [],
          "private": "eyJlMmJmYjczMC1lY2FhLTExZTYtOGY4OC0zNDM2M2JjN2M0YzAiOnsiY3JlYXRlIjoxMjAwMDAwMDAwMDAwLCJkZWxldGUiOjEyMDAwMDAwMDAwMDB9fQ==",
          "dependencies": [
            "google_compute_network.main"
          ]
        }
      ]
    },
    {
      "mode": "managed",
      "type": "google_compute_router",
      "name": "router",
      "provider": "provider[\"registry.terraform.io/hashicorp/google\"]",
      "instances": [
        {
          "schema_version": 0,
          "attributes": {
            "bgp": [],
            "creation_timestamp": "2022-08-09T22:15:42.604-07:00",
            "description": "",
            "encrypted_interconnect_router": false,
            "id": "projects/melodic-splicer-357510/regions/us-west1/routers/dev-hari-poc-vpc-router",
            "name": "dev-hari-poc-vpc-router",
            "network": "https://www.googleapis.com/compute/v1/projects/melodic-splicer-357510/global/networks/dev-hari-poc-vpc",
            "project": "melodic-splicer-357510",
            "region": "us-west1",
            "self_link": "https://www.googleapis.com/compute/v1/projects/melodic-splicer-357510/regions/us-west1/routers/dev-hari-poc-vpc-router",
            "timeouts": null
          },
          "sensitive_attributes": [],
          "private": "eyJlMmJmYjczMC1lY2FhLTExZTYtOGY4OC0zNDM2M2JjN2M0YzAiOnsiY3JlYXRlIjoxMjAwMDAwMDAwMDAwLCJkZWxldGUiOjEyMDAwMDAwMDAwMDAsInVwZGF0ZSI6MTIwMDAwMDAwMDAwMH19",
          "dependencies": [
            "google_compute_network.main",
            "google_compute_subnetwork.private"
          ]
        }
      ]
    },
    {
      "mode": "managed",
      "type": "google_compute_router_nat",
      "name": "nat_router",
      "provider": "provider[\"registry.terraform.io/hashicorp/google\"]",
      "instances": [
        {
          "schema_version": 0,
          "attributes": {
            "drain_nat_ips": null,
            "enable_dynamic_port_allocation": false,
            "enable_endpoint_independent_mapping": true,
            "icmp_idle_timeout_sec": 30,
            "id": "melodic-splicer-357510/us-west1/dev-hari-poc-vpc-router/dev-hari-poc-nat-router",
            "log_config": [
              {
                "enable": true,
                "filter": "ERRORS_ONLY"
              }
            ],
            "max_ports_per_vm": 0,
            "min_ports_per_vm": 0,
            "name": "dev-hari-poc-nat-router",
            "nat_ip_allocate_option": "AUTO_ONLY",
            "nat_ips": null,
            "project": "melodic-splicer-357510",
            "region": "us-west1",
            "router": "dev-hari-poc-vpc-router",
            "source_subnetwork_ip_ranges_to_nat": "LIST_OF_SUBNETWORKS",
            "subnetwork": [
              {
                "name": "https://www.googleapis.com/compute/v1/projects/melodic-splicer-357510/regions/us-west1/subnetworks/dev-hari-poc-private-subnet",
                "secondary_ip_range_names": [],
                "source_ip_ranges_to_nat": [
                  "ALL_IP_RANGES"
                ]
              }
            ],
            "tcp_established_idle_timeout_sec": 1200,
            "tcp_transitory_idle_timeout_sec": 30,
            "timeouts": null,
            "udp_idle_timeout_sec": 30
          },
          "sensitive_attributes": [],
          "private": "eyJlMmJmYjczMC1lY2FhLTExZTYtOGY4OC0zNDM2M2JjN2M0YzAiOnsiY3JlYXRlIjoxMjAwMDAwMDAwMDAwLCJkZWxldGUiOjEyMDAwMDAwMDAwMDAsInVwZGF0ZSI6MTIwMDAwMDAwMDAwMH19",
          "dependencies": [
            "google_compute_network.main",
            "google_compute_router.router",
            "google_compute_subnetwork.private"
          ]
        }
      ]
    },
    {
      "mode": "managed",
      "type": "google_compute_subnetwork",
      "name": "private",
      "provider": "provider[\"registry.terraform.io/hashicorp/google\"]",
      "instances": [
        {
          "schema_version": 0,
          "attributes": {
            "creation_timestamp": "2022-08-09T22:15:27.096-07:00",
            "description": "",
            "external_ipv6_prefix": "",
            "fingerprint": null,
            "gateway_address": "172.17.1.1",
            "id": "projects/melodic-splicer-357510/regions/us-west1/subnetworks/dev-hari-poc-private-subnet",
            "ip_cidr_range": "172.17.1.0/24",
            "ipv6_access_type": "",
            "ipv6_cidr_range": "",
            "log_config": [],
            "name": "dev-hari-poc-private-subnet",
            "network": "https://www.googleapis.com/compute/v1/projects/melodic-splicer-357510/global/networks/dev-hari-poc-vpc",
            "private_ip_google_access": true,
            "private_ipv6_google_access": "DISABLE_GOOGLE_ACCESS",
            "project": "melodic-splicer-357510",
            "purpose": "PRIVATE",
            "region": "us-west1",
            "role": "",
            "secondary_ip_range": [],
            "self_link": "https://www.googleapis.com/compute/v1/projects/melodic-splicer-357510/regions/us-west1/subnetworks/dev-hari-poc-private-subnet",
            "stack_type": "IPV4_ONLY",
            "timeouts": null
          },
          "sensitive_attributes": [],
          "private": "eyJlMmJmYjczMC1lY2FhLTExZTYtOGY4OC0zNDM2M2JjN2M0YzAiOnsiY3JlYXRlIjoxMjAwMDAwMDAwMDAwLCJkZWxldGUiOjEyMDAwMDAwMDAwMDAsInVwZGF0ZSI6MTIwMDAwMDAwMDAwMH19",
          "dependencies": [
            "google_compute_network.main"
          ]
        }
      ]
    },
    {
      "mode": "managed",
      "type": "google_container_cluster",
      "name": "tyk",
      "provider": "provider[\"registry.terraform.io/hashicorp/google\"]",
      "instances": [
        {
          "schema_version": 1,
          "attributes": {
            "addons_config": [
              {
                "cloudrun_config": [],
                "dns_cache_config": [],
                "gce_persistent_disk_csi_driver_config": [
                  {
                    "enabled": true
                  }
                ],
                "gcp_filestore_csi_driver_config": [],
                "horizontal_pod_autoscaling": [],
                "http_load_balancing": [],
                "network_policy_config": [
                  {
                    "disabled": true
                  }
                ]
              }
            ],
            "authenticator_groups_config": [],
            "binary_authorization": [
              {
                "enabled": false,
                "evaluation_mode": ""
              }
            ],
            "cluster_autoscaling": [
              {
                "auto_provisioning_defaults": [],
                "enabled": false,
                "resource_limits": []
              }
            ],
            "cluster_ipv4_cidr": "10.164.0.0/14",
            "confidential_nodes": [],
            "database_encryption": [
              {
                "key_name": "",
                "state": "DECRYPTED"
              }
            ],
            "datapath_provider": "",
            "default_max_pods_per_node": 110,
            "default_snat_status": [
              {
                "disabled": false
              }
            ],
            "description": "",
            "dns_config": [],
            "enable_autopilot": false,
            "enable_binary_authorization": false,
            "enable_intranode_visibility": false,
            "enable_kubernetes_alpha": false,
            "enable_legacy_abac": false,
            "enable_shielded_nodes": true,
            "enable_tpu": false,
            "endpoint": "34.83.26.97",
            "id": "projects/melodic-splicer-357510/locations/us-west1/clusters/dev-hari-poc-tyk-cluster",
            "initial_node_count": 1,
            "ip_allocation_policy": [
              {
                "cluster_ipv4_cidr_block": "10.164.0.0/14",
                "cluster_secondary_range_name": "gke-dev-hari-poc-tyk-cluster-pods-5925956b",
                "services_ipv4_cidr_block": "10.168.0.0/20",
                "services_secondary_range_name": "gke-dev-hari-poc-tyk-cluster-services-5925956b"
              }
            ],
            "label_fingerprint": "a9dc16a7",
            "location": "us-west1",
            "logging_config": [
              {
                "enable_components": [
                  "SYSTEM_COMPONENTS",
                  "WORKLOADS"
                ]
              }
            ],
            "logging_service": "logging.googleapis.com/kubernetes",
            "maintenance_policy": [],
            "master_auth": [
              {
                "client_certificate": "LS0tLS1CRUdJTiBDRVJUSUZJQ0FURS0tLS0tCk1JSURvRENDQWdpZ0F3SUJBZ0lRS1phM1d6S2dFeEhxVmh5emRrL3ZuREFOQmdrcWhraUc5dzBCQVFzRkFEQXYKTVMwd0t3WURWUVFERXlRM1pUUXpOakk0TlMwMFkyRTVMVFJtWmpZdE9URTJNeTFpWmpFM05ESTRNRGN6WXpRdwpIaGNOTWpJd09ERXdNRFV4TXpRMFdoY05NamN3T0RBNU1EVXhOVFEwV2pBUk1ROHdEUVlEVlFRREV3WmpiR2xsCmJuUXdnZ0VpTUEwR0NTcUdTSWIzRFFFQkFRVUFBNElCRHdBd2dnRUtBb0lCQVFDRGFUcEhqUlEzQllPMnVjbWIKVWd2M3JRTDhZNHBUT0plTlJCV2JMT2ppcEVqOTMwWEZoVnNmNlREdnVsQjZlcTNhbUVHdWV4UmVpSEI4eDNaVQpieWs3a3k1OFRwOGlFVjRKYVR5eVhtdUZKNEhnNm5pRWJ6Zk1OVERQOHRZUWVJOGRlT3NxRGdCN3Z1WkcwWmZXClQrK2RxR0hUL01hMjNSeG5lV3k5Sk9ma05XTzBuZWs4cGp5VjRlRnArdFdQOWtMVWZXcVVNcmJJazhuZ2pPQWIKQ3AzeVJ1amx5Nm5hdkgza2NQRVF0OWVBbC92Q0RjbklMbmZaaVBLbU56OEVJQ1BuclZBc25xeDZHdFJ0SGZkeQpjb0hzSFA1YWhLTjVKMU1yNy8zTlM3QkxteHNMVVJ6WEJFK1dzeUZ6YlpGQjZVMmFENUFRVEZldzZpWnZBWml4CmNxNkhBZ01CQUFHalZqQlVNQTRHQTFVZER3RUIvd1FFQXdJRm9EQVRCZ05WSFNVRUREQUtCZ2dyQmdFRkJRY0QKQWpBTUJnTlZIUk1CQWY4RUFqQUFNQjhHQTFVZEl3UVlNQmFBRkhpZERxYUsyZWdlT2UzZy9jWjZWT0RoYnR4NwpNQTBHQ1NxR1NJYjNEUUVCQ3dVQUE0SUJnUUFBU3hWclliTzl2Vk5Yelprc3VNUVNsc1FKZGh3UjBBSzFUL2ZGCkdNTmdIMVNPOFc3dndrK3I4akNhazhlMnhzb0d0V3FmUmZ3bkhmV3puOU1vSjNJWFBLVmZvMU5RckpIdHo3T0oKR05MOHJsRkVtRDFPMGR2T1dQS1NOdVpMMHJOSWt5NXZCK0VOSUxwVmx6VUhXaGwwU0orZWpWcCtveVJvL2FQSAoxeTlabmZ6VmdkOWZobGp5eElSTGVLWXEydHF2eWcwU2NOYldnVnNpV1RuR0FZaWVEbVBMalZFUmFLdzBQckw3Cm1RMWdRTXJ0dFpIYjZGNWNaNWI2ckJWOHdGV0VxMmFkdXorOHBFd0VheU10c2hqaGhmMzZQdjZTWXNnc1p0VjMKR2w0eXYwOE5XYWV5NE5SZ2ZLMzN6QytKMXZJR21VUWxNamczTjBZVUlhKy95WGxEc1YvSTFhWmoyaHhlZDI0bgpqTW1iSlp2MWJvbWx0RG9wc3B2SUQ0QzVyRnJHVjhvaHZmZVZYOU1pZTRpVnljaHhINHU1UjY4UXl1dzFvNnlnCnFnSlpFTGh5MlJMaEtSaGF2SzdGb2dYbndHSWpZZHFZTUhCSHJ4bnI2ZUlDaHMzNFN0RDVWRDNDWHJhSzRHd0wKbXVxdVZCRmNyZjdESjZkd1ZSNjErYTFXMmlvPQotLS0tLUVORCBDRVJUSUZJQ0FURS0tLS0tCg==",
                "client_certificate_config": [
                  {
                    "issue_client_certificate": true
                  }
                ],
                "client_key": "LS0tLS1CRUdJTiBSU0EgUFJJVkFURSBLRVktLS0tLQpNSUlFb3dJQkFBS0NBUUVBZzJrNlI0MFVOd1dEdHJuSm0xSUw5NjBDL0dPS1V6aVhqVVFWbXl6bzRxUkkvZDlGCnhZVmJIK2t3NzdwUWVucXQycGhCcm5zVVhvaHdmTWQyVkc4cE81TXVmRTZmSWhGZUNXazhzbDVyaFNlQjRPcDQKaEc4M3pEVXd6L0xXRUhpUEhYanJLZzRBZTc3bVJ0R1gxay92bmFoaDAvekd0dDBjWjNsc3ZTVG41RFZqdEozcApQS1k4bGVIaGFmclZqL1pDMUgxcWxESzJ5SlBKNEl6Z0d3cWQ4a2JvNWN1cDJyeDk1SER4RUxmWGdKZjd3ZzNKCnlDNTMyWWp5cGpjL0JDQWo1NjFRTEo2c2VoclViUjMzY25LQjdCeitXb1NqZVNkVEsrLzl6VXV3UzVzYkMxRWMKMXdSUGxyTWhjMjJSUWVsTm1nK1FFRXhYc09vbWJ3R1lzWEt1aHdJREFRQUJBb0lCQUJCNjh1Y2tSME83T2xDQgpMa3AvV0tiZ0dMN0VVUVdzMUR6UUxCR0E2VmY3R0hoV051N1ZrWjhINUs0NzVIbm54c1BpVW1KcVp4eVA2ZU9NCk5FZlVoUXhHb2c3TzRXQXBZMnkwdVByNW9teFpqdzFBK29wSlZHc1V4S0ZmcC83Nno1LzNtUzUyQVJPRDFtZE4KUThpSno5Z3ExTkg4SW9PdWFUQ0U1dUUxcnF0TTVNbHJ3UlR4STFvVCtZenJaV095UkxPU0tmYmFRZTFMNDNwUgpxbmF2Ny9rTjVyU2N1bHlYclM2RmljeEV0R2RPVjA4TEhWR0pFQnZSQ2p4NGowejMwSGZKTGRaZjBNbGxTN3ZMCkFPakVJc3BoZ2lEcTJHRGZBWmhRNUdySmtSVW81V2pXbzdESlNwOG5nM2V0UmpJbjViTFRtQXNEVjd3ZkovUTkKSmZSeWVMRUNnWUVBdVIwaE5MTjcxREFENWNBSjFuMUlsLzRMeGU3bWdzNWNBSTBQeXIvK1lrVVczcUdVaVQvbgpSb0RQOHZMVG80UGE5YUlGWm83cWxJVlFlQlREV3ptVVVtcDBYOUV3WVF3YkliWVEyNTBOWFBzTHB0K010MWxoClZTdE1IYmxYK0RYc3RTc1R6b3FsUVBLMng5aWJFQmVhTTdreEhnaGtEZ2loejFOY1ptY0J4WGtDZ1lFQXRidVIKN3BxWjcvSEZVM0M1czBIb2pmZ1dWV2dHSU4zcEpYd1JzYlJOdHlVVDQvQnlWdHAvTWNiSGt3SFAzOE8zTGlNeQpWUEFlamExei8rellhTTRYNTgyWDh6U1oxV2ZrTU9QaFl4c1o5K3JzSXN3RHY4ZDFiajliRDZaZ1RZSExXT1ZRCm9jS0xmZUtPZVZhR01wRXZqYWxpNjB5N0ljWTM5RlBVK0c1L0UvOENnWUFQYzB6NE54cll4UUV1UmU4TVJmeXYKSXZjY21Db0pOT3djNTZrdnhRS1lkU2ZKZ1RjQ2xhRGFFNXBIcnRqWFJ3UVppR0puQXZxMVZzTTJvcFVEb2pTdApCRkdlUmJtQ0FCNnJtNlNnaitVem80aC9ieDB4bUhZMVE1M2d4VDJBYkEvTHQwSzU5SHlDaFQrWVFvMytzOW1kCkE1SUQ3Yk5jTUlCQTY3WkVuY2hhRVFLQmdINGxRK2UrMHNtMkpjV0VnckpHTnBtTk1sdDRTSUM1NktNSFd2VGgKOWV3QnhhdTc5SElMV3F6L2tQcWZFRjcvYUlDVEY5WFRrekcreTcxQzl2alF6ZEV1YWFIOHlpZFM1UmQycHJWMwpVM0ErVmtqVkdta2RsNHErV1lRa2RjWjNLT0o4MHBwbUF4T1BsbHZ0VGx0OVllZlFRd1NYajNHak9LWFZKd2lICkVwaWJBb0dCQUptNU9qa0VYY3ZNeE92VXErREpjKzA0U29sdTRuVmRLOXdNbWpBczBybnZHL0lqdk9MTkp2SUUKcGszU1daUHQyZi9jdldBcDRKSjdxSmM0bTZOUE1CWVU4NFhVb3g2eUpCMzJuT0dOenZBWmxsdU9tU1RJWmlkUwpVekd0MXFTMklTbkE5SkNaMnVKMkFtRitteG56WUdQZE9rcW5yNUtFQ3VVa04rMnRxZlFmCi0tLS0tRU5EIFJTQSBQUklWQVRFIEtFWS0tLS0tCg==",
                "cluster_ca_certificate": "LS0tLS1CRUdJTiBDRVJUSUZJQ0FURS0tLS0tCk1JSUVMRENDQXBTZ0F3SUJBZ0lRRHNlbWVSanJrYTVIV0NyNW8wd2N0ekFOQmdrcWhraUc5dzBCQVFzRkFEQXYKTVMwd0t3WURWUVFERXlRM1pUUXpOakk0TlMwMFkyRTVMVFJtWmpZdE9URTJNeTFpWmpFM05ESTRNRGN6WXpRdwpJQmNOTWpJd09ERXdNRFF4TlRReldoZ1BNakExTWpBNE1ESXdOVEUxTkROYU1DOHhMVEFyQmdOVkJBTVRKRGRsCk5ETTJNamcxTFRSallUa3ROR1ptTmkwNU1UWXpMV0ptTVRjME1qZ3dOek5qTkRDQ0FhSXdEUVlKS29aSWh2Y04KQVFFQkJRQURnZ0dQQURDQ0FZb0NnZ0dCQUtuUEw1aitsL0Q4TnhQK2VNT05OYWU0WjA3Qkd3Wm1UbGhKZml3Vwo2azY2OTlYaktKWlExVkNldEd3aTVlcDRTejVFK216djd2UWRRdmkydmFDYzlycWpCSkx6dEFBRW13K1pta0xiCkg5WUwzTnNDTUVmN09OTkt6UlFnUlIvZlN4VHlTQVNzY0FsUG5VdjZUY1lkMkNKT3BZb2MwMXAyMHg5bGJISjAKbzJvc0IramsrSytVTFFZNG5nTXRDcW1ZeTRyNG9WeXhiczVVdWZDS05laVI0aUxKWDlKbE10MWd0OUF1cXZQVwpPeTVzQlZ6Z0p2RExpL29LclNTNTYrVkxMZVhaTWNOK0RscnhGVlRrUzJNMlRnV0V1OFEvc254Zjk4TWwyWnRnCnVDMWZoQUp2MkJzbDRxM0VHNEUxSEJiVmVOTmlPUE00Nmx6aTl3Vk4xcFVaRUFHbEl6RG50cmEzWEtpTkw1K2EKWHVpeFJtUHQzemU2OURaOUNOekw2YnFGUmttYlJad3FQaEMzVEtsUCt0NU4zTjIrRklkUURYR2d4aUxsNHlNMQpJbDhqZE91VEhWcUxUQlpWcmJoN3FSYkU5UXdXY0xGM3UxM1VDMDE3MURMVElYZEsyc3VzY3BCVGhpN0ZVWVZXCitreTJjc2ZUajhxYU0xK2tpKzlmWkNpcVh3SURBUUFCbzBJd1FEQU9CZ05WSFE4QkFmOEVCQU1DQWdRd0R3WUQKVlIwVEFRSC9CQVV3QXdFQi96QWRCZ05WSFE0RUZnUVVlSjBPcG9yWjZCNDU3ZUQ5eG5wVTRPRnUzSHN3RFFZSgpLb1pJaHZjTkFRRUxCUUFEZ2dHQkFCSlc4cWZaSlNTUUhRb0RjRUw3bTFkREdaeGdDejJNckJvMm1SVmRMME9yCmJTeVB6SWQyVlJpZzdNUEt4UTBYNEVWc3lUV2hHRU14T3FYaXBJNERYVjlUZTQ4YjFMd3dEZk9qNEtaRTljcncKTmVheFl1SE12Z2tCaFFoUW5tV3E2VTExNmVMYnAzdVFQYlRaY1hBY2VMdjdsM3A4QXNUUThoaTZJYktSajVCSwpaM1YxNFR3WGdmbTMvQW1rSElnaW0vOFdxTDJhU1M4eW41MGhub2UyQ3ZISW9rbkFqdUVCQU9Ka05QV0dkcVVkCjdKNWpGdkpTaFFBcjNzNGcvdVg1U2pzWDVENDE4cEVFTUhPNmtDNHM5d1FneW1lMTQzQmZHSUtIdEFaeTRyMm8KanNxWE1vb0RUY2htN1dkNElyT0NXUlFuUmlPS2JCenpFQnhScW5DdDlCSUZER01nUE9ISG8wWG4wb01Uc3IvVwp5ZUo2WkNGNldyRHFyVk5IZVE3RWhKMVREY3dVK0cxNm93OFR1WVdzNVc1MHVsVXpvMk5NK1M2eDY3TXZnc1RaCmlnM2FSeUExTkpkTnZ1N3FHK0FhcTg5djdSeGtiN2MvTDB3dThtalhRNnp6SjM3TVpmd1RNYk9WdWUxY3o2MkoKclVrbVFUY1FnS0FnaEM3QnBDSU05QT09Ci0tLS0tRU5EIENFUlRJRklDQVRFLS0tLS0K"
              }
            ],
            "master_authorized_networks_config": [],
            "master_version": "1.22.10-gke.600",
            "min_master_version": null,
            "monitoring_config": [
              {
                "enable_components": [
                  "SYSTEM_COMPONENTS"
                ]
              }
            ],
            "monitoring_service": "monitoring.googleapis.com/kubernetes",
            "name": "dev-hari-poc-tyk-cluster",
            "network": "projects/melodic-splicer-357510/global/networks/dev-hari-poc-vpc",
            "network_policy": [
              {
                "enabled": false,
                "provider": "PROVIDER_UNSPECIFIED"
              }
            ],
            "networking_mode": "VPC_NATIVE",
            "node_config": [],
            "node_locations": [
              "us-west1-a",
              "us-west1-b"
            ],
            "node_pool": [],
            "node_version": "1.22.10-gke.600",
            "notification_config": [
              {
                "pubsub": [
                  {
                    "enabled": false,
                    "topic": ""
                  }
                ]
              }
            ],
            "operation": null,
            "private_cluster_config": [
              {
                "enable_private_endpoint": false,
                "enable_private_nodes": true,
                "master_global_access_config": [
                  {
                    "enabled": false
                  }
                ],
                "master_ipv4_cidr_block": "10.0.0.0/28",
                "peering_name": "gke-n5289558b4636b72715f-47d4-134d-peer",
                "private_endpoint": "10.0.0.2",
                "public_endpoint": "34.83.26.97"
              }
            ],
            "private_ipv6_google_access": "",
            "project": "melodic-splicer-357510",
            "release_channel": [
              {
                "channel": "REGULAR"
              }
            ],
            "remove_default_node_pool": true,
            "resource_labels": null,
            "resource_usage_export_config": [],
            "self_link": "https://container.googleapis.com/v1/projects/melodic-splicer-357510/locations/us-west1/clusters/dev-hari-poc-tyk-cluster",
            "services_ipv4_cidr": "10.168.0.0/20",
            "subnetwork": "projects/melodic-splicer-357510/regions/us-west1/subnetworks/dev-hari-poc-private-subnet",
            "timeouts": null,
            "tpu_ipv4_cidr_block": "",
            "vertical_pod_autoscaling": [],
            "workload_identity_config": []
          },
          "sensitive_attributes": [],
          "private": "eyJlMmJmYjczMC1lY2FhLTExZTYtOGY4OC0zNDM2M2JjN2M0YzAiOnsiY3JlYXRlIjoyNDAwMDAwMDAwMDAwLCJkZWxldGUiOjI0MDAwMDAwMDAwMDAsInJlYWQiOjI0MDAwMDAwMDAwMDAsInVwZGF0ZSI6MzYwMDAwMDAwMDAwMH0sInNjaGVtYV92ZXJzaW9uIjoiMSJ9",
          "dependencies": [
            "google_compute_network.main",
            "google_compute_subnetwork.private"
          ]
        }
      ]
    },
    {
      "mode": "managed",
      "type": "google_container_node_pool",
      "name": "tyk",
      "provider": "provider[\"registry.terraform.io/hashicorp/google\"]",
      "instances": [
        {
          "schema_version": 1,
          "attributes": {
            "autoscaling": [],
            "cluster": "https://container.googleapis.com/v1/projects/melodic-splicer-357510/locations/us-west1/clusters/dev-hari-poc-tyk-cluster",
            "id": "projects/melodic-splicer-357510/locations/us-west1/clusters/dev-hari-poc-tyk-cluster/nodePools/dev-hari-poc-tyk-nodepool",
            "initial_node_count": 1,
            "instance_group_urls": [
              "https://www.googleapis.com/compute/v1/projects/melodic-splicer-357510/zones/us-west1-a/instanceGroupManagers/gke-dev-hari-poc-tyk-dev-hari-poc-tyk-2eb43683-grp",
              "https://www.googleapis.com/compute/v1/projects/melodic-splicer-357510/zones/us-west1-b/instanceGroupManagers/gke-dev-hari-poc-tyk-dev-hari-poc-tyk-36d50cae-grp"
            ],
            "location": "us-west1",
            "managed_instance_group_urls": [
              "https://www.googleapis.com/compute/v1/projects/melodic-splicer-357510/zones/us-west1-a/instanceGroups/gke-dev-hari-poc-tyk-dev-hari-poc-tyk-2eb43683-grp",
              "https://www.googleapis.com/compute/v1/projects/melodic-splicer-357510/zones/us-west1-b/instanceGroups/gke-dev-hari-poc-tyk-dev-hari-poc-tyk-36d50cae-grp"
            ],
            "management": [
              {
                "auto_repair": true,
                "auto_upgrade": true
              }
            ],
            "max_pods_per_node": 110,
            "name": "dev-hari-poc-tyk-nodepool",
            "name_prefix": "",
            "node_config": [
              {
                "boot_disk_kms_key": "",
                "disk_size_gb": 100,
                "disk_type": "pd-standard",
                "gcfs_config": [],
                "guest_accelerator": [],
                "gvnic": [],
                "image_type": "COS_CONTAINERD",
                "labels": {},
                "local_ssd_count": 0,
                "machine_type": "e2-medium",
                "metadata": {
                  "disable-legacy-endpoints": "true"
                },
                "min_cpu_platform": "",
                "node_group": "",
                "oauth_scopes": [
                  "https://www.googleapis.com/auth/cloud-platform"
                ],
                "preemptible": false,
                "service_account": "default-service-account@melodic-splicer-357510.iam.gserviceaccount.com",
                "shielded_instance_config": [
                  {
                    "enable_integrity_monitoring": true,
                    "enable_secure_boot": false
                  }
                ],
                "spot": false,
                "tags": null,
                "taint": [],
                "workload_metadata_config": []
              }
            ],
            "node_count": 1,
            "node_locations": [
              "us-west1-a",
              "us-west1-b"
            ],
            "operation": null,
            "project": "melodic-splicer-357510",
            "timeouts": null,
            "upgrade_settings": [
              {
                "max_surge": 1,
                "max_unavailable": 0
              }
            ],
            "version": "1.22.10-gke.600"
          },
          "sensitive_attributes": [],
          "private": "eyJlMmJmYjczMC1lY2FhLTExZTYtOGY4OC0zNDM2M2JjN2M0YzAiOnsiY3JlYXRlIjoxODAwMDAwMDAwMDAwLCJkZWxldGUiOjE4MDAwMDAwMDAwMDAsInVwZGF0ZSI6MTgwMDAwMDAwMDAwMH0sInNjaGVtYV92ZXJzaW9uIjoiMSJ9",
          "dependencies": [
            "google_compute_network.main",
            "google_compute_subnetwork.private",
            "google_container_cluster.tyk",
            "google_service_account.cluster"
          ]
        }
      ]
    },
    {
      "mode": "managed",
      "type": "google_project_service",
      "name": "gcp_services",
      "provider": "provider[\"registry.terraform.io/hashicorp/google\"]",
      "instances": [
        {
          "index_key": "cloudresourcemanager.googleapis.com",
          "schema_version": 0,
          "attributes": {
            "disable_dependent_services": null,
            "disable_on_destroy": false,
            "id": "melodic-splicer-357510/cloudresourcemanager.googleapis.com",
            "project": "melodic-splicer-357510",
            "service": "cloudresourcemanager.googleapis.com",
            "timeouts": null
          },
          "sensitive_attributes": [],
          "private": "eyJlMmJmYjczMC1lY2FhLTExZTYtOGY4OC0zNDM2M2JjN2M0YzAiOnsiY3JlYXRlIjoxMjAwMDAwMDAwMDAwLCJkZWxldGUiOjEyMDAwMDAwMDAwMDAsInJlYWQiOjYwMDAwMDAwMDAwMCwidXBkYXRlIjoxMjAwMDAwMDAwMDAwfX0="
        },
        {
          "index_key": "compute.googleapis.com",
          "schema_version": 0,
          "attributes": {
            "disable_dependent_services": null,
            "disable_on_destroy": false,
            "id": "melodic-splicer-357510/compute.googleapis.com",
            "project": "melodic-splicer-357510",
            "service": "compute.googleapis.com",
            "timeouts": null
          },
          "sensitive_attributes": [],
          "private": "eyJlMmJmYjczMC1lY2FhLTExZTYtOGY4OC0zNDM2M2JjN2M0YzAiOnsiY3JlYXRlIjoxMjAwMDAwMDAwMDAwLCJkZWxldGUiOjEyMDAwMDAwMDAwMDAsInJlYWQiOjYwMDAwMDAwMDAwMCwidXBkYXRlIjoxMjAwMDAwMDAwMDAwfX0="
        },
        {
          "index_key": "container.googleapis.com",
          "schema_version": 0,
          "attributes": {
            "disable_dependent_services": null,
            "disable_on_destroy": false,
            "id": "melodic-splicer-357510/container.googleapis.com",
            "project": "melodic-splicer-357510",
            "service": "container.googleapis.com",
            "timeouts": null
          },
          "sensitive_attributes": [],
          "private": "eyJlMmJmYjczMC1lY2FhLTExZTYtOGY4OC0zNDM2M2JjN2M0YzAiOnsiY3JlYXRlIjoxMjAwMDAwMDAwMDAwLCJkZWxldGUiOjEyMDAwMDAwMDAwMDAsInJlYWQiOjYwMDAwMDAwMDAwMCwidXBkYXRlIjoxMjAwMDAwMDAwMDAwfX0="
        },
        {
          "index_key": "serviceusage.googleapis.com",
          "schema_version": 0,
          "attributes": {
            "disable_dependent_services": null,
            "disable_on_destroy": false,
            "id": "melodic-splicer-357510/serviceusage.googleapis.com",
            "project": "melodic-splicer-357510",
            "service": "serviceusage.googleapis.com",
            "timeouts": null
          },
          "sensitive_attributes": [],
          "private": "eyJlMmJmYjczMC1lY2FhLTExZTYtOGY4OC0zNDM2M2JjN2M0YzAiOnsiY3JlYXRlIjoxMjAwMDAwMDAwMDAwLCJkZWxldGUiOjEyMDAwMDAwMDAwMDAsInJlYWQiOjYwMDAwMDAwMDAwMCwidXBkYXRlIjoxMjAwMDAwMDAwMDAwfX0="
        }
      ]
    },
    {
      "mode": "managed",
      "type": "google_service_account",
      "name": "cluster",
      "provider": "provider[\"registry.terraform.io/hashicorp/google\"]",
      "instances": [
        {
          "schema_version": 0,
          "attributes": {
            "account_id": "default-service-account",
            "description": "",
            "disabled": false,
            "display_name": "Cluster Node Service Account",
            "email": "default-service-account@melodic-splicer-357510.iam.gserviceaccount.com",
            "id": "projects/melodic-splicer-357510/serviceAccounts/default-service-account@melodic-splicer-357510.iam.gserviceaccount.com",
            "name": "projects/melodic-splicer-357510/serviceAccounts/default-service-account@melodic-splicer-357510.iam.gserviceaccount.com",
            "project": "melodic-splicer-357510",
            "timeouts": null,
            "unique_id": "108199472026402661508"
          },
          "sensitive_attributes": [],
          "private": "eyJlMmJmYjczMC1lY2FhLTExZTYtOGY4OC0zNDM2M2JjN2M0YzAiOnsiY3JlYXRlIjozMDAwMDAwMDAwMDB9fQ=="
        }
      ]
    }
  ]
}
